
Microsoft Visual Studio Solution File, Format Version 12.00
# Visual Studio 15
VisualStudioVersion = 15.0.28307.489
MinimumVisualStudioVersion = 10.0.40219.1
Project("{FAE04EC0-301F-11D3-BF4B-00C04F79EFBC}") = "Gayathri Project3", "Gayathri Project3\Gayathri Project3.csproj", "{75947446-B51E-4472-90F2-177C7ED6D64F}"
EndProject
Global
	GlobalSection(SolutionConfigurationPlatforms) = preSolution
		Debug|Any CPU = Debug|Any CPU
		Release|Any CPU = Release|Any CPU
	EndGlobalSection
	GlobalSection(ProjectConfigurationPlatforms) = postSolution
		{75947446-B51E-4472-90F2-177C7ED6D64F}.Debug|Any CPU.ActiveCfg = Debug|Any CPU
		{75947446-B51E-4472-90F2-177C7ED6D64F}.Debug|Any CPU.Build.0 = Debug|Any CPU
		{75947446-B51E-4472-90F2-177C7ED6D64F}.Release|Any CPU.ActiveCfg = Release|Any CPU
		{75947446-B51E-4472-90F2-177C7ED6D64F}.Release|Any CPU.Build.0 = Release|Any CPU
	EndGlobalSection
	GlobalSection(SolutionProperties) = preSolution
		HideSolutionNode = FALSE
	EndGlobalSection
	GlobalSection(ExtensibilityGlobals) = postSolution
		SolutionGuid = {2C79E427-A2A5-44E7-A1FE-DF0177C025C7}
	EndGlobalSection
EndGlobal
